DEPENDENCIES
  laboard
    path: resources/cookbook/laboard

GRAPH
  7-zip (1.0.2)
    windows (>= 1.2.2)
  apt (2.6.0)
  ark (0.9.0)
    7-zip (>= 0.0.0)
    windows (>= 0.0.0)
  bluepill (2.3.1)
    rsyslog (>= 0.0.0)
  build-essential (2.1.2)
  chef_handler (1.1.6)
  laboard (2.0.0)
    apt (>= 0.0.0)
    nginx (>= 0.0.0)
    nodejs (>= 0.0.0)
    npm (>= 0.0.0)
    redisio (>= 0.0.0)
  nginx (2.7.4)
    apt (~> 2.2)
    bluepill (~> 2.3)
    build-essential (~> 2.0)
    ohai (~> 2.0)
    runit (~> 1.2)
    yum-epel (~> 0.3)
  nodejs (2.2.0)
    apt (>= 0.0.0)
    ark (>= 0.0.0)
    build-essential (>= 0.0.0)
    yum-epel (>= 0.0.0)
  npm (0.1.2)
    nodejs (>= 0.0.0)
  ohai (2.0.1)
  redisio (2.2.4)
    build-essential (>= 0.0.0)
    ulimit (>= 0.1.2)
  rsyslog (1.12.2)
  runit (1.5.10)
    build-essential (>= 0.0.0)
    yum (~> 3.0)
    yum-epel (>= 0.0.0)
  ulimit (0.3.2)
  windows (1.34.8)
    chef_handler (>= 0.0.0)
  yum (3.4.1)
  yum-epel (0.5.2)
    yum (~> 3.0)
